// !$*UTF8*$!
{
	archiveVersion = 1;
	classes = {
	};
	objectVersion = 50;
	objects = {

/* Begin PBXBuildFile section */
		78BB5C3723F330CF00DC81EC /* AppDelegate.swift in Sources */ = {isa = PBXBuildFile; fileRef = 78BB5C3623F330CF00DC81EC /* AppDelegate.swift */; };
		78BB5C3923F330CF00DC81EC /* SceneDelegate.swift in Sources */ = {isa = PBXBuildFile; fileRef = 78BB5C3823F330CF00DC81EC /* SceneDelegate.swift */; };
		78BB5C3B23F330CF00DC81EC /* CommentsViewController.swift in Sources */ = {isa = PBXBuildFile; fileRef = 78BB5C3A23F330CF00DC81EC /* CommentsViewController.swift */; };
		78BB5C3E23F330CF00DC81EC /* Comments.storyboard in Resources */ = {isa = PBXBuildFile; fileRef = 78BB5C3C23F330CF00DC81EC /* Comments.storyboard */; };
		78BB5C4023F330D500DC81EC /* Assets.xcassets in Resources */ = {isa = PBXBuildFile; fileRef = 78BB5C3F23F330D500DC81EC /* Assets.xcassets */; };
		78BB5C4323F330D500DC81EC /* LaunchScreen.storyboard in Resources */ = {isa = PBXBuildFile; fileRef = 78BB5C4123F330D500DC81EC /* LaunchScreen.storyboard */; };
		78BB5C4B23F331BE00DC81EC /* .gitignore in Resources */ = {isa = PBXBuildFile; fileRef = 78BB5C4A23F331BE00DC81EC /* .gitignore */; };
/* End PBXBuildFile section */

/* Begin PBXFileReference section */
		78BB5C3323F330CF00DC81EC /* SwiftbookMVCN.app */ = {isa = PBXFileReference; explicitFileType = wrapper.application; includeInIndex = 0; path = SwiftbookMVCN.app; sourceTree = BUILT_PRODUCTS_DIR; };
		78BB5C3623F330CF00DC81EC /* AppDelegate.swift */ = {isa = PBXFileReference; lastKnownFileType = sourcecode.swift; path = AppDelegate.swift; sourceTree = "<group>"; };
		78BB5C3823F330CF00DC81EC /* SceneDelegate.swift */ = {isa = PBXFileReference; lastKnownFileType = sourcecode.swift; path = SceneDelegate.swift; sourceTree = "<group>"; };
		78BB5C3A23F330CF00DC81EC /* CommentsViewController.swift */ = {isa = PBXFileReference; lastKnownFileType = sourcecode.swift; path = CommentsViewController.swift; sourceTree = "<group>"; };
		78BB5C3D23F330CF00DC81EC /* Base */ = {isa = PBXFileReference; lastKnownFileType = file.storyboard; name = Base; path = Base.lproj/Comments.storyboard; sourceTree = "<group>"; };
		78BB5C3F23F330D500DC81EC /* Assets.xcassets */ = {isa = PBXFileReference; lastKnownFileType = folder.assetcatalog; path = Assets.xcassets; sourceTree = "<group>"; };
		78BB5C4223F330D500DC81EC /* Base */ = {isa = PBXFileReference; lastKnownFileType = file.storyboard; name = Base; path = Base.lproj/LaunchScreen.storyboard; sourceTree = "<group>"; };
		78BB5C4423F330D500DC81EC /* Info.plist */ = {isa = PBXFileReference; lastKnownFileType = text.plist.xml; path = Info.plist; sourceTree = "<group>"; };
		78BB5C4A23F331BE00DC81EC /* .gitignore */ = {isa = PBXFileReference; lastKnownFileType = text; path = .gitignore; sourceTree = "<group>"; };
/* End PBXFileReference section */

/* Begin PBXFrameworksBuildPhase section */
		78BB5C3023F330CF00DC81EC /* Frameworks */ = {
			isa = PBXFrameworksBuildPhase;
			buildActionMask = 2147483647;
			files = (
			);
			runOnlyForDeploymentPostprocessing = 0;
		};
/* End PBXFrameworksBuildPhase section */

/* Begin PBXGroup section */
		78BB5C2A23F330CF00DC81EC = {
			isa = PBXGroup;
			children = (
				78BB5C3523F330CF00DC81EC /* SwiftbookMVCN */,
				78BB5C3423F330CF00DC81EC /* Products */,
				78BB5C4A23F331BE00DC81EC /* .gitignore */,
			);
			sourceTree = "<group>";
		};
		78BB5C3423F330CF00DC81EC /* Products */ = {
			isa = PBXGroup;
			children = (
				78BB5C3323F330CF00DC81EC /* SwiftbookMVCN.app */,
			);
			name = Products;
			sourceTree = "<group>";
		};
		78BB5C3523F330CF00DC81EC /* SwiftbookMVCN */ = {
			isa = PBXGroup;
			children = (
				78BB5C4F23F332A200DC81EC /* Application */,
				78BB5C5023F332EB00DC81EC /* Comments */,
				78BB5C3F23F330D500DC81EC /* Assets.xcassets */,
				78BB5C4423F330D500DC81EC /* Info.plist */,
			);
			path = SwiftbookMVCN;
			sourceTree = "<group>";
		};
		78BB5C4C23F3327E00DC81EC /* Model */ = {
			isa = PBXGroup;
			children = (
			);
			path = Model;
			sourceTree = "<group>";
		};
		78BB5C4D23F3328400DC81EC /* View */ = {
			isa = PBXGroup;
			children = (
				78BB5C4123F330D500DC81EC /* LaunchScreen.storyboard */,
			);
			path = View;
			sourceTree = "<group>";
		};
		78BB5C4E23F3328900DC81EC /* Controller */ = {
			isa = PBXGroup;
			children = (
				78BB5C3623F330CF00DC81EC /* AppDelegate.swift */,
				78BB5C3823F330CF00DC81EC /* SceneDelegate.swift */,
			);
			path = Controller;
			sourceTree = "<group>";
		};
		78BB5C4F23F332A200DC81EC /* Application */ = {
			isa = PBXGroup;
			children = (
				78BB5C4C23F3327E00DC81EC /* Model */,
				78BB5C4D23F3328400DC81EC /* View */,
				78BB5C4E23F3328900DC81EC /* Controller */,
			);
			path = Application;
			sourceTree = "<group>";
		};
		78BB5C5023F332EB00DC81EC /* Comments */ = {
			isa = PBXGroup;
			children = (
				78BB5C5323F332FB00DC81EC /* Model */,
				78BB5C5223F332F600DC81EC /* View */,
				78BB5C5123F332F000DC81EC /* Controller */,
			);
			path = Comments;
			sourceTree = "<group>";
		};
		78BB5C5123F332F000DC81EC /* Controller */ = {
			isa = PBXGroup;
			children = (
				78BB5C3A23F330CF00DC81EC /* CommentsViewController.swift */,
			);
			path = Controller;
			sourceTree = "<group>";
		};
		78BB5C5223F332F600DC81EC /* View */ = {
			isa = PBXGroup;
			children = (
				78BB5C3C23F330CF00DC81EC /* Comments.storyboard */,
			);
			path = View;
			sourceTree = "<group>";
		};
		78BB5C5323F332FB00DC81EC /* Model */ = {
			isa = PBXGroup;
			children = (
			);
			path = Model;
			sourceTree = "<group>";
		};
/* End PBXGroup section */

/* Begin PBXNativeTarget section */
		78BB5C3223F330CF00DC81EC /* SwiftbookMVCN */ = {
			isa = PBXNativeTarget;
			buildConfigurationList = 78BB5C4723F330D500DC81EC /* Build configuration list for PBXNativeTarget "SwiftbookMVCN" */;
			buildPhases = (
				78BB5C2F23F330CF00DC81EC /* Sources */,
				78BB5C3023F330CF00DC81EC /* Frameworks */,
				78BB5C3123F330CF00DC81EC /* Resources */,
			);
			buildRules = (
			);
			dependencies = (
			);
			name = SwiftbookMVCN;
			productName = SwiftbookMVCN;
			productReference = 78BB5C3323F330CF00DC81EC /* SwiftbookMVCN.app */;
			productType = "com.apple.product-type.application";
		};
/* End PBXNativeTarget section */

/* Begin PBXProject section */
		78BB5C2B23F330CF00DC81EC /* Project object */ = {
			isa = PBXProject;
			attributes = {
				LastSwiftUpdateCheck = 1130;
				LastUpgradeCheck = 1130;
				ORGANIZATIONNAME = v.kovalevskiy;
				TargetAttributes = {
					78BB5C3223F330CF00DC81EC = {
						CreatedOnToolsVersion = 11.3.1;
					};
				};
			};
			buildConfigurationList = 78BB5C2E23F330CF00DC81EC /* Build configuration list for PBXProject "SwiftbookMVCN" */;
			compatibilityVersion = "Xcode 9.3";
			developmentRegion = en;
			hasScannedForEncodings = 0;
			knownRegions = (
				en,
				Base,
			);
			mainGroup = 78BB5C2A23F330CF00DC81EC;
			productRefGroup = 78BB5C3423F330CF00DC81EC /* Products */;
			projectDirPath = "";
			projectRoot = "";
			targets = (
				78BB5C3223F330CF00DC81EC /* SwiftbookMVCN */,
			);
		};
/* End PBXProject section */

/* Begin PBXResourcesBuildPhase section */
		78BB5C3123F330CF00DC81EC /* Resources */ = {
			isa = PBXResourcesBuildPhase;
			buildActionMask = 2147483647;
			files = (
				78BB5C4B23F331BE00DC81EC /* .gitignore in Resources */,
				78BB5C4323F330D500DC81EC /* LaunchScreen.storyboard in Resources */,
				78BB5C4023F330D500DC81EC /* Assets.xcassets in Resources */,
				78BB5C3E23F330CF00DC81EC /* Comments.storyboard in Resources */,
			);
			runOnlyForDeploymentPostprocessing = 0;
		};
/* End PBXResourcesBuildPhase section */

/* Begin PBXSourcesBuildPhase section */
		78BB5C2F23F330CF00DC81EC /* Sources */ = {
			isa = PBXSourcesBuildPhase;
			buildActionMask = 2147483647;
			files = (
				78BB5C3B23F330CF00DC81EC /* CommentsViewController.swift in Sources */,
				78BB5C3723F330CF00DC81EC /* AppDelegate.swift in Sources */,
				78BB5C3923F330CF00DC81EC /* SceneDelegate.swift in Sources */,
			);
			runOnlyForDeploymentPostprocessing = 0;
		};
/* End PBXSourcesBuildPhase section */

/* Begin PBXVariantGroup section */
		78BB5C3C23F330CF00DC81EC /* Comments.storyboard */ = {
			isa = PBXVariantGroup;
			children = (
				78BB5C3D23F330CF00DC81EC /* Base */,
			);
			name = Comments.storyboard;
			sourceTree = "<group>";
		};
		78BB5C4123F330D500DC81EC /* LaunchScreen.storyboard */ = {
			isa = PBXVariantGroup;
			children = (
				78BB5C4223F330D500DC81EC /* Base */,
			);
			name = LaunchScreen.storyboard;
			sourceTree = "<group>";
		};
/* End PBXVariantGroup section */

/* Begin XCBuildConfiguration section */
		78BB5C4523F330D500DC81EC /* Debug */ = {
			isa = XCBuildConfiguration;
			buildSettings = {
				ALWAYS_SEARCH_USER_PATHS = NO;
				CLANG_ANALYZER_NONNULL = YES;
				CLANG_ANALYZER_NUMBER_OBJECT_CONVERSION = YES_AGGRESSIVE;
				CLANG_CXX_LANGUAGE_STANDARD = "gnu++14";
				CLANG_CXX_LIBRARY = "libc++";
				CLANG_ENABLE_MODULES = YES;
				CLANG_ENABLE_OBJC_ARC = YES;
				CLANG_ENABLE_OBJC_WEAK = YES;
				CLANG_WARN_BLOCK_CAPTURE_AUTORELEASING = YES;
				CLANG_WARN_BOOL_CONVERSION = YES;
				CLANG_WARN_COMMA = YES;
				CLANG_WARN_CONSTANT_CONVERSION = YES;
				CLANG_WARN_DEPRECATED_OBJC_IMPLEMENTATIONS = YES;
				CLANG_WARN_DIRECT_OBJC_ISA_USAGE = YES_ERROR;
				CLANG_WARN_DOCUMENTATION_COMMENTS = YES;
				CLANG_WARN_EMPTY_BODY = YES;
				CLANG_WARN_ENUM_CONVERSION = YES;
				CLANG_WARN_INFINITE_RECURSION = YES;
				CLANG_WARN_INT_CONVERSION = YES;
				CLANG_WARN_NON_LITERAL_NULL_CONVERSION = YES;
				CLANG_WARN_OBJC_IMPLICIT_RETAIN_SELF = YES;
				CLANG_WARN_OBJC_LITERAL_CONVERSION = YES;
				CLANG_WARN_OBJC_ROOT_CLASS = YES_ERROR;
				CLANG_WARN_RANGE_LOOP_ANALYSIS = YES;
				CLANG_WARN_STRICT_PROTOTYPES = YES;
				CLANG_WARN_SUSPICIOUS_MOVE = YES;
				CLANG_WARN_UNGUARDED_AVAILABILITY = YES_AGGRESSIVE;
				CLANG_WARN_UNREACHABLE_CODE = YES;
				CLANG_WARN__DUPLICATE_METHOD_MATCH = YES;
				COPY_PHASE_STRIP = NO;
				DEBUG_INFORMATION_FORMAT = dwarf;
				ENABLE_STRICT_OBJC_MSGSEND = YES;
				ENABLE_TESTABILITY = YES;
				GCC_C_LANGUAGE_STANDARD = gnu11;
				GCC_DYNAMIC_NO_PIC = NO;
				GCC_NO_COMMON_BLOCKS = YES;
				GCC_OPTIMIZATION_LEVEL = 0;
				GCC_PREPROCESSOR_DEFINITIONS = (
					"DEBUG=1",
					"$(inherited)",
				);
				GCC_WARN_64_TO_32_BIT_CONVERSION = YES;
				GCC_WARN_ABOUT_RETURN_TYPE = YES_ERROR;
				GCC_WARN_UNDECLARED_SELECTOR = YES;
				GCC_WARN_UNINITIALIZED_AUTOS = YES_AGGRESSIVE;
				GCC_WARN_UNUSED_FUNCTION = YES;
				GCC_WARN_UNUSED_VARIABLE = YES;
				IPHONEOS_DEPLOYMENT_TARGET = 13.2;
				MTL_ENABLE_DEBUG_INFO = INCLUDE_SOURCE;
				MTL_FAST_MATH = YES;
				ONLY_ACTIVE_ARCH = YES;
				SDKROOT = iphoneos;
				SWIFT_ACTIVE_COMPILATION_CONDITIONS = DEBUG;
				SWIFT_OPTIMIZATION_LEVEL = "-Onone";
			};
			name = Debug;
		};
		78BB5C4623F330D500DC81EC /* Release */ = {
			isa = XCBuildConfiguration;
			buildSettings = {
				ALWAYS_SEARCH_USER_PATHS = NO;
				CLANG_ANALYZER_NONNULL = YES;
				CLANG_ANALYZER_NUMBER_OBJECT_CONVERSION = YES_AGGRESSIVE;
				CLANG_CXX_LANGUAGE_STANDARD = "gnu++14";
				CLANG_CXX_LIBRARY = "libc++";
				CLANG_ENABLE_MODULES = YES;
				CLANG_ENABLE_OBJC_ARC = YES;
				CLANG_ENABLE_OBJC_WEAK = YES;
				CLANG_WARN_BLOCK_CAPTURE_AUTORELEASING = YES;
				CLANG_WARN_BOOL_CONVERSION = YES;
				CLANG_WARN_COMMA = YES;
				CLANG_WARN_CONSTANT_CONVERSION = YES;
				CLANG_WARN_DEPRECATED_OBJC_IMPLEMENTATIONS = YES;
				CLANG_WARN_DIRECT_OBJC_ISA_USAGE = YES_ERROR;
				CLANG_WARN_DOCUMENTATION_COMMENTS = YES;
				CLANG_WARN_EMPTY_BODY = YES;
				CLANG_WARN_ENUM_CONVERSION = YES;
				CLANG_WARN_INFINITE_RECURSION = YES;
				CLANG_WARN_INT_CONVERSION = YES;
				CLANG_WARN_NON_LITERAL_NULL_CONVERSION = YES;
				CLANG_WARN_OBJC_IMPLICIT_RETAIN_SELF = YES;
				CLANG_WARN_OBJC_LITERAL_CONVERSION = YES;
				CLANG_WARN_OBJC_ROOT_CLASS = YES_ERROR;
				CLANG_WARN_RANGE_LOOP_ANALYSIS = YES;
				CLANG_WARN_STRICT_PROTOTYPES = YES;
				CLANG_WARN_SUSPICIOUS_MOVE = YES;
				CLANG_WARN_UNGUARDED_AVAILABILITY = YES_AGGRESSIVE;
				CLANG_WARN_UNREACHABLE_CODE = YES;
				CLANG_WARN__DUPLICATE_METHOD_MATCH = YES;
				COPY_PHASE_STRIP = NO;
				DEBUG_INFORMATION_FORMAT = "dwarf-with-dsym";
				ENABLE_NS_ASSERTIONS = NO;
				ENABLE_STRICT_OBJC_MSGSEND = YES;
				GCC_C_LANGUAGE_STANDARD = gnu11;
				GCC_NO_COMMON_BLOCKS = YES;
				GCC_WARN_64_TO_32_BIT_CONVERSION = YES;
				GCC_WARN_ABOUT_RETURN_TYPE = YES_ERROR;
				GCC_WARN_UNDECLARED_SELECTOR = YES;
				GCC_WARN_UNINITIALIZED_AUTOS = YES_AGGRESSIVE;
				GCC_WARN_UNUSED_FUNCTION = YES;
				GCC_WARN_UNUSED_VARIABLE = YES;
				IPHONEOS_DEPLOYMENT_TARGET = 13.2;
				MTL_ENABLE_DEBUG_INFO = NO;
				MTL_FAST_MATH = YES;
				SDKROOT = iphoneos;
				SWIFT_COMPILATION_MODE = wholemodule;
				SWIFT_OPTIMIZATION_LEVEL = "-O";
				VALIDATE_PRODUCT = YES;
			};
			name = Release;
		};
		78BB5C4823F330D500DC81EC /* Debug */ = {
			isa = XCBuildConfiguration;
			buildSettings = {
				ASSETCATALOG_COMPILER_APPICON_NAME = AppIcon;
				CODE_SIGN_STYLE = Automatic;
				INFOPLIST_FILE = SwiftbookMVCN/Info.plist;
				LD_RUNPATH_SEARCH_PATHS = (
					"$(inherited)",
					"@executable_path/Frameworks",
				);
				PRODUCT_BUNDLE_IDENTIFIER = v.kovalevskiy.SwiftbookMVCN;
				PRODUCT_NAME = "$(TARGET_NAME)";
				SWIFT_VERSION = 5.0;
				TARGETED_DEVICE_FAMILY = "1,2";
			};
			name = Debug;
		};
		78BB5C4923F330D500DC81EC /* Release */ = {
			isa = XCBuildConfiguration;
			buildSettings = {
				ASSETCATALOG_COMPILER_APPICON_NAME = AppIcon;
				CODE_SIGN_STYLE = Automatic;
				INFOPLIST_FILE = SwiftbookMVCN/Info.plist;
				LD_RUNPATH_SEARCH_PATHS = (
					"$(inherited)",
					"@executable_path/Frameworks",
				);
				PRODUCT_BUNDLE_IDENTIFIER = v.kovalevskiy.SwiftbookMVCN;
				PRODUCT_NAME = "$(TARGET_NAME)";
				SWIFT_VERSION = 5.0;
				TARGETED_DEVICE_FAMILY = "1,2";
			};
			name = Release;
		};
/* End XCBuildConfiguration section */

/* Begin XCConfigurationList section */
		78BB5C2E23F330CF00DC81EC /* Build configuration list for PBXProject "SwiftbookMVCN" */ = {
			isa = XCConfigurationList;
			buildConfigurations = (
				78BB5C4523F330D500DC81EC /* Debug */,
				78BB5C4623F330D500DC81EC /* Release */,
			);
			defaultConfigurationIsVisible = 0;
			defaultConfigurationName = Release;
		};
		78BB5C4723F330D500DC81EC /* Build configuration list for PBXNativeTarget "SwiftbookMVCN" */ = {
			isa = XCConfigurationList;
			buildConfigurations = (
				78BB5C4823F330D500DC81EC /* Debug */,
				78BB5C4923F330D500DC81EC /* Release */,
			);
			defaultConfigurationIsVisible = 0;
			defaultConfigurationName = Release;
		};
/* End XCConfigurationList section */
	};
	rootObject = 78BB5C2B23F330CF00DC81EC /* Project object */;
}
